<Solution>
  <Configurations>
    <Platform Name="Any CPU" />
    <Platform Name="ARM64" />
    <Platform Name="x64" />
    <Platform Name="x86" />
  </Configurations>
  <Folder Name="/Solution Items/">
    <File Path="../README.md" />
  </Folder>
  <Project Path="Sawmill.Domain/Sawmill.Domain.csproj" />
  <Project Path="Sawmill.Fixtures/Sawmill.Fixtures.csproj" />
  <Project Path="Sawmill.TestTextFile/Sawmill.TestTextFile.csproj" />
  <Project Path="Sawmill/Sawmill.csproj" />
  <Project Path="SawmillPackage/SawmillPackage.wapproj" Type="c7167f0d-bc9f-4e6e-afe1-012c56b48db5">
    <Deploy />
  </Project>
</Solution>
